
Microsoft Visual Studio Solution File, Format Version 12.00
# Visual Studio Version 16
VisualStudioVersion = 16.0.29020.237
MinimumVisualStudioVersion = 10.0.40219.1
Project("{FAE04EC0-301F-11D3-BF4B-00C04F79EFBC}") = "Task2_1", "Task2_1\Task2_1.csproj", "{4A0F53B7-CB10-453F-AF5E-B21EDA7E5C00}"
EndProject
Project("{FAE04EC0-301F-11D3-BF4B-00C04F79EFBC}") = "Task2_2", "Task2_2\Task2_2.csproj", "{AABE6F49-1941-4522-8C2F-BC2DE3642147}"
EndProject
Project("{FAE04EC0-301F-11D3-BF4B-00C04F79EFBC}") = "Task2_3", "Task2_3\Task2_3.csproj", "{B19EAA8F-2D16-465E-AD30-802F5CE4C4F3}"
EndProject
Project("{FAE04EC0-301F-11D3-BF4B-00C04F79EFBC}") = "Task2_4", "Task2_4\Task2_4.csproj", "{FEE78CFD-4F7F-4E67-A9A3-124E424D125D}"
EndProject
Project("{FAE04EC0-301F-11D3-BF4B-00C04F79EFBC}") = "Task2_5", "Task2_5\Task2_5.csproj", "{8389599C-82AA-41B4-BD7C-617B2408740E}"
EndProject
Project("{FAE04EC0-301F-11D3-BF4B-00C04F79EFBC}") = "Task2_6", "Task2_6\Task2_6.csproj", "{1423F86C-600E-40FA-BEDB-351AE8D01811}"
EndProject
Project("{FAE04EC0-301F-11D3-BF4B-00C04F79EFBC}") = "Task2_7", "Task2_7\Task2_7.csproj", "{1B24C944-A817-4FBB-B5E7-129C2EB761D3}"
EndProject
Project("{FAE04EC0-301F-11D3-BF4B-00C04F79EFBC}") = "Task2_8", "Task2_8\Task2_8.csproj", "{7C2CD0E7-E810-4ABA-B78B-2C00FFD72923}"
EndProject
Global
	GlobalSection(SolutionConfigurationPlatforms) = preSolution
		Debug|Any CPU = Debug|Any CPU
		Release|Any CPU = Release|Any CPU
	EndGlobalSection
	GlobalSection(ProjectConfigurationPlatforms) = postSolution
		{4A0F53B7-CB10-453F-AF5E-B21EDA7E5C00}.Debug|Any CPU.ActiveCfg = Debug|Any CPU
		{4A0F53B7-CB10-453F-AF5E-B21EDA7E5C00}.Debug|Any CPU.Build.0 = Debug|Any CPU
		{4A0F53B7-CB10-453F-AF5E-B21EDA7E5C00}.Release|Any CPU.ActiveCfg = Release|Any CPU
		{4A0F53B7-CB10-453F-AF5E-B21EDA7E5C00}.Release|Any CPU.Build.0 = Release|Any CPU
		{AABE6F49-1941-4522-8C2F-BC2DE3642147}.Debug|Any CPU.ActiveCfg = Debug|Any CPU
		{AABE6F49-1941-4522-8C2F-BC2DE3642147}.Debug|Any CPU.Build.0 = Debug|Any CPU
		{AABE6F49-1941-4522-8C2F-BC2DE3642147}.Release|Any CPU.ActiveCfg = Release|Any CPU
		{AABE6F49-1941-4522-8C2F-BC2DE3642147}.Release|Any CPU.Build.0 = Release|Any CPU
		{B19EAA8F-2D16-465E-AD30-802F5CE4C4F3}.Debug|Any CPU.ActiveCfg = Debug|Any CPU
		{B19EAA8F-2D16-465E-AD30-802F5CE4C4F3}.Debug|Any CPU.Build.0 = Debug|Any CPU
		{B19EAA8F-2D16-465E-AD30-802F5CE4C4F3}.Release|Any CPU.ActiveCfg = Release|Any CPU
		{B19EAA8F-2D16-465E-AD30-802F5CE4C4F3}.Release|Any CPU.Build.0 = Release|Any CPU
		{FEE78CFD-4F7F-4E67-A9A3-124E424D125D}.Debug|Any CPU.ActiveCfg = Debug|Any CPU
		{FEE78CFD-4F7F-4E67-A9A3-124E424D125D}.Debug|Any CPU.Build.0 = Debug|Any CPU
		{FEE78CFD-4F7F-4E67-A9A3-124E424D125D}.Release|Any CPU.ActiveCfg = Release|Any CPU
		{FEE78CFD-4F7F-4E67-A9A3-124E424D125D}.Release|Any CPU.Build.0 = Release|Any CPU
		{8389599C-82AA-41B4-BD7C-617B2408740E}.Debug|Any CPU.ActiveCfg = Debug|Any CPU
		{8389599C-82AA-41B4-BD7C-617B2408740E}.Debug|Any CPU.Build.0 = Debug|Any CPU
		{8389599C-82AA-41B4-BD7C-617B2408740E}.Release|Any CPU.ActiveCfg = Release|Any CPU
		{8389599C-82AA-41B4-BD7C-617B2408740E}.Release|Any CPU.Build.0 = Release|Any CPU
		{1423F86C-600E-40FA-BEDB-351AE8D01811}.Debug|Any CPU.ActiveCfg = Debug|Any CPU
		{1423F86C-600E-40FA-BEDB-351AE8D01811}.Debug|Any CPU.Build.0 = Debug|Any CPU
		{1423F86C-600E-40FA-BEDB-351AE8D01811}.Release|Any CPU.ActiveCfg = Release|Any CPU
		{1423F86C-600E-40FA-BEDB-351AE8D01811}.Release|Any CPU.Build.0 = Release|Any CPU
		{1B24C944-A817-4FBB-B5E7-129C2EB761D3}.Debug|Any CPU.ActiveCfg = Debug|Any CPU
		{1B24C944-A817-4FBB-B5E7-129C2EB761D3}.Debug|Any CPU.Build.0 = Debug|Any CPU
		{1B24C944-A817-4FBB-B5E7-129C2EB761D3}.Release|Any CPU.ActiveCfg = Release|Any CPU
		{1B24C944-A817-4FBB-B5E7-129C2EB761D3}.Release|Any CPU.Build.0 = Release|Any CPU
		{7C2CD0E7-E810-4ABA-B78B-2C00FFD72923}.Debug|Any CPU.ActiveCfg = Debug|Any CPU
		{7C2CD0E7-E810-4ABA-B78B-2C00FFD72923}.Debug|Any CPU.Build.0 = Debug|Any CPU
		{7C2CD0E7-E810-4ABA-B78B-2C00FFD72923}.Release|Any CPU.ActiveCfg = Release|Any CPU
		{7C2CD0E7-E810-4ABA-B78B-2C00FFD72923}.Release|Any CPU.Build.0 = Release|Any CPU
	EndGlobalSection
	GlobalSection(SolutionProperties) = preSolution
		HideSolutionNode = FALSE
	EndGlobalSection
	GlobalSection(ExtensibilityGlobals) = postSolution
		SolutionGuid = {70000718-6957-4145-88F0-8420D4EAB652}
	EndGlobalSection
EndGlobal
