
Microsoft Visual Studio Solution File, Format Version 12.00
# Visual Studio Version 16
VisualStudioVersion = 16.0.29020.237
MinimumVisualStudioVersion = 10.0.40219.1
Project("{FAE04EC0-301F-11D3-BF4B-00C04F79EFBC}") = "Language", "Language\Language.csproj", "{D53674F8-81D4-4CC3-999C-4DEB7A8E007C}"
EndProject
Global
	GlobalSection(SolutionConfigurationPlatforms) = preSolution
		Debug|Any CPU = Debug|Any CPU
		Release|Any CPU = Release|Any CPU
	EndGlobalSection
	GlobalSection(ProjectConfigurationPlatforms) = postSolution
		{D53674F8-81D4-4CC3-999C-4DEB7A8E007C}.Debug|Any CPU.ActiveCfg = Debug|Any CPU
		{D53674F8-81D4-4CC3-999C-4DEB7A8E007C}.Debug|Any CPU.Build.0 = Debug|Any CPU
		{D53674F8-81D4-4CC3-999C-4DEB7A8E007C}.Release|Any CPU.ActiveCfg = Release|Any CPU
		{D53674F8-81D4-4CC3-999C-4DEB7A8E007C}.Release|Any CPU.Build.0 = Release|Any CPU
	EndGlobalSection
	GlobalSection(SolutionProperties) = preSolution
		HideSolutionNode = FALSE
	EndGlobalSection
	GlobalSection(ExtensibilityGlobals) = postSolution
		SolutionGuid = {0B7CAFA1-796C-455A-B85E-A461126E531F}
	EndGlobalSection
EndGlobal
